// !$*UTF8*$!
{
	archiveVersion = 1;
	classes = {
	};
	objectVersion = 56;
	objects = {

/* Begin PBXBuildFile section */
		A3E3160D2F5A12D9005BF54C /* FirebaseAuth in Frameworks */ = {isa = PBXBuildFile; productRef = A3E3160C2F5A12D9005BF54C /* FirebaseAuth */; };
		A3E3160F2F5A12D9005BF54C /* FirebaseCore in Frameworks */ = {isa = PBXBuildFile; productRef = A3E3160E2F5A12D9005BF54C /* FirebaseCore */; };
		A3E316112F5A14B3005BF54C /* GoogleService-Info.plist in Resources */ = {isa = PBXBuildFile; fileRef = A3E316102F5A14B2005BF54C /* GoogleService-Info.plist */; };
		ACDFE3102F5CCE0E00EDF3AE /* InsightsView.swift in Sources */ = {isa = PBXBuildFile; fileRef = ACDFE30F2F5CCE0E00EDF3AE /* InsightsView.swift */; };
		ACDFE3122F5CCE1800EDF3AE /* InsightsViewModel.swift in Sources */ = {isa = PBXBuildFile; fileRef = ACDFE3112F5CCE1800EDF3AE /* InsightsViewModel.swift */; };
		E18C83B82F54330900E66577 /* RecommendationsViewModel.swift in Sources */ = {isa = PBXBuildFile; fileRef = E18C837D2F5432FF00E66577 /* RecommendationsViewModel.swift */; };
		E18C83B92F54330900E66577 /* ChatBubbleView.swift in Sources */ = {isa = PBXBuildFile; fileRef = E18C837F2F54330000E66577 /* ChatBubbleView.swift */; };
		E18C83BA2F54330900E66577 /* BurndownChartView.swift in Sources */ = {isa = PBXBuildFile; fileRef = E18C83802F54330000E66577 /* BurndownChartView.swift */; };
		E18C83BB2F54330900E66577 /* Theme.swift in Sources */ = {isa = PBXBuildFile; fileRef = E18C83822F54330000E66577 /* Theme.swift */; };
		E18C83BC2F54330900E66577 /* MockService.swift in Sources */ = {isa = PBXBuildFile; fileRef = E18C83832F54330100E66577 /* MockService.swift */; };
		E18C83BD2F54330900E66577 /* APIService.swift in Sources */ = {isa = PBXBuildFile; fileRef = E18C83842F54330100E66577 /* APIService.swift */; };
		E18C83BE2F54330900E66577 /* AppConfig.swift in Sources */ = {isa = PBXBuildFile; fileRef = E18C83852F54330200E66577 /* AppConfig.swift */; };
		E18C83BF2F54330900E66577 /* Assets.xcassets in Resources */ = {isa = PBXBuildFile; fileRef = E18C83862F54330200E66577 /* Assets.xcassets */; };
		E18C83C02F54330900E66577 /* ExpensesViewModel.swift in Sources */ = {isa = PBXBuildFile; fileRef = E18C83872F54330300E66577 /* ExpensesViewModel.swift */; };
		E18C83C12F54330900E66577 /* Preview Assets.xcassets in Resources */ = {isa = PBXBuildFile; fileRef = E18C83892F54330300E66577 /* Preview Assets.xcassets */; };
		E18C83C22F54330900E66577 /* BudgetBuddyApp.swift in Sources */ = {isa = PBXBuildFile; fileRef = E18C838A2F54330400E66577 /* BudgetBuddyApp.swift */; };
		E18C83C32F54330900E66577 /* SpendingPlanViewModel.swift in Sources */ = {isa = PBXBuildFile; fileRef = E18C838B2F54330400E66577 /* SpendingPlanViewModel.swift */; };
		E18C83C42F54330900E66577 /* VoiceTransactionViewModel.swift in Sources */ = {isa = PBXBuildFile; fileRef = E18C838D2F54330500E66577 /* VoiceTransactionViewModel.swift */; };
		E18C83C52F54330900E66577 /* WalletViewModel.swift in Sources */ = {isa = PBXBuildFile; fileRef = E18C838E2F54330600E66577 /* WalletViewModel.swift */; };
		E18C83C62F54330900E66577 /* SpeechRecognizer.swift in Sources */ = {isa = PBXBuildFile; fileRef = E18C83902F54330600E66577 /* SpeechRecognizer.swift */; };
		E18C83C72F54330900E66577 /* PlaidService.swift in Sources */ = {isa = PBXBuildFile; fileRef = E18C83912F54330600E66577 /* PlaidService.swift */; };
		E18C83C82F54330900E66577 /* AuthManager.swift in Sources */ = {isa = PBXBuildFile; fileRef = E18C83922F54330600E66577 /* AuthManager.swift */; };
		E18C83C92F54330900E66577 /* PlaidLinkManager.swift in Sources */ = {isa = PBXBuildFile; fileRef = E18C83932F54330600E66577 /* PlaidLinkManager.swift */; };
		E18C83CA2F54330900E66577 /* ProfileView.swift in Sources */ = {isa = PBXBuildFile; fileRef = E18C83952F54330700E66577 /* ProfileView.swift */; };
		E18C83CB2F54330900E66577 /* RecommendationsView.swift in Sources */ = {isa = PBXBuildFile; fileRef = E18C83962F54330700E66577 /* RecommendationsView.swift */; };
		E18C83CC2F54330900E66577 /* PlanQuestionFlowView.swift in Sources */ = {isa = PBXBuildFile; fileRef = E18C83982F54330700E66577 /* PlanQuestionFlowView.swift */; };
		E18C83CD2F54330900E66577 /* LoginView.swift in Sources */ = {isa = PBXBuildFile; fileRef = E18C839A2F54330700E66577 /* LoginView.swift */; };
		E18C83CE2F54330900E66577 /* OTPView.swift in Sources */ = {isa = PBXBuildFile; fileRef = E18C839B2F54330700E66577 /* OTPView.swift */; };
		E18C83CF2F54330900E66577 /* EnterPhoneView.swift in Sources */ = {isa = PBXBuildFile; fileRef = E18C839C2F54330700E66577 /* EnterPhoneView.swift */; };
		E18C83D02F54330900E66577 /* ExpensesView.swift in Sources */ = {isa = PBXBuildFile; fileRef = E18C839D2F54330700E66577 /* ExpensesView.swift */; };
		E18C83D12F54330900E66577 /* PlanView.swift in Sources */ = {isa = PBXBuildFile; fileRef = E18C839E2F54330700E66577 /* PlanView.swift */; };
		E18C83D22F54330900E66577 /* QuickActionModalView.swift in Sources */ = {isa = PBXBuildFile; fileRef = E18C83A02F54330700E66577 /* QuickActionModalView.swift */; };
		E18C83D32F54330900E66577 /* GenerativeWidgetView.swift in Sources */ = {isa = PBXBuildFile; fileRef = E18C83A12F54330700E66577 /* GenerativeWidgetView.swift */; };
		E18C83D42F54330900E66577 /* BurndownWidgetView.swift in Sources */ = {isa = PBXBuildFile; fileRef = E18C83A22F54330700E66577 /* BurndownWidgetView.swift */; };
		E18C83D52F54330900E66577 /* PulseHeaderView.swift in Sources */ = {isa = PBXBuildFile; fileRef = E18C83A32F54330700E66577 /* PulseHeaderView.swift */; };
		E18C83D62F54330900E66577 /* PlanDashboardCards.swift in Sources */ = {isa = PBXBuildFile; fileRef = E18C83A52F54330700E66577 /* PlanDashboardCards.swift */; };
		E18C83D72F54330900E66577 /* VoiceTransactionFlowView.swift in Sources */ = {isa = PBXBuildFile; fileRef = E18C83A62F54330700E66577 /* VoiceTransactionFlowView.swift */; };
		E18C83D82F54330900E66577 /* SmartNudgesCard.swift in Sources */ = {isa = PBXBuildFile; fileRef = E18C83A72F54330700E66577 /* SmartNudgesCard.swift */; };
		E18C83D92F54330900E66577 /* VoiceTransactionTile.swift in Sources */ = {isa = PBXBuildFile; fileRef = E18C83A82F54330700E66577 /* VoiceTransactionTile.swift */; };
		E18C83DA2F54330900E66577 /* VoiceRecordingSheet.swift in Sources */ = {isa = PBXBuildFile; fileRef = E18C83A92F54330700E66577 /* VoiceRecordingSheet.swift */; };
		E18C83DB2F54330900E66577 /* TransactionConfirmationView.swift in Sources */ = {isa = PBXBuildFile; fileRef = E18C83AA2F54330700E66577 /* TransactionConfirmationView.swift */; };
		E18C83DC2F54330900E66577 /* GoalProgressSection.swift in Sources */ = {isa = PBXBuildFile; fileRef = E18C83AB2F54330700E66577 /* GoalProgressSection.swift */; };
		E18C83DD2F54330900E66577 /* VoiceTransactionSuccessView.swift in Sources */ = {isa = PBXBuildFile; fileRef = E18C83AC2F54330700E66577 /* VoiceTransactionSuccessView.swift */; };
		E18C83DE2F54330900E66577 /* TopExpensesCard.swift in Sources */ = {isa = PBXBuildFile; fileRef = E18C83AD2F54330700E66577 /* TopExpensesCard.swift */; };
		E18C83DF2F54330900E66577 /* PlaidLinkView.swift in Sources */ = {isa = PBXBuildFile; fileRef = E18C83AF2F54330700E66577 /* PlaidLinkView.swift */; };
		E18C83E02F54330900E66577 /* ChatView.swift in Sources */ = {isa = PBXBuildFile; fileRef = E18C83B02F54330700E66577 /* ChatView.swift */; };
		E18C83E12F54330900E66577 /* WalletView.swift in Sources */ = {isa = PBXBuildFile; fileRef = E18C83B12F54330700E66577 /* WalletView.swift */; };
		E18C83E22F54330900E66577 /* ContentView.swift in Sources */ = {isa = PBXBuildFile; fileRef = E18C83B22F54330700E66577 /* ContentView.swift */; };
		E18C83E32F54330900E66577 /* OnboardingWizardView.swift in Sources */ = {isa = PBXBuildFile; fileRef = E18C83B42F54330700E66577 /* OnboardingWizardView.swift */; };
		E18C83E42F54330900E66577 /* ProfileViewModel.swift in Sources */ = {isa = PBXBuildFile; fileRef = E18C83B52F54330700E66577 /* ProfileViewModel.swift */; };
		E18C83E52F54330900E66577 /* ChatViewModel.swift in Sources */ = {isa = PBXBuildFile; fileRef = E18C83B62F54330800E66577 /* ChatViewModel.swift */; };
		E18C83E62F54330900E66577 /* Models.swift in Sources */ = {isa = PBXBuildFile; fileRef = E18C83B72F54330800E66577 /* Models.swift */; };
		E18C83E92F54339700E66577 /* PhoneNumberKit in Frameworks */ = {isa = PBXBuildFile; productRef = E18C83E82F54339700E66577 /* PhoneNumberKit */; };
		E18C83ED2F54339700E66577 /* PhoneNumberKit-Static in Frameworks */ = {isa = PBXBuildFile; productRef = E18C83EC2F54339700E66577 /* PhoneNumberKit-Static */; };
		E18C83F02F5433AD00E66577 /* LinkKit in Frameworks */ = {isa = PBXBuildFile; productRef = E18C83EF2F5433AD00E66577 /* LinkKit */; };
		E19B24992F55295B005C18DA /* ReceiptScanViewModel.swift in Sources */ = {isa = PBXBuildFile; fileRef = E19B24982F55295A005C18DA /* ReceiptScanViewModel.swift */; };
		E19B249D2F5529F1005C18DA /* ReceiptLineItemsView.swift in Sources */ = {isa = PBXBuildFile; fileRef = E19B249B2F5529F1005C18DA /* ReceiptLineItemsView.swift */; };
		E19B249E2F5529F1005C18DA /* ReceiptScanView.swift in Sources */ = {isa = PBXBuildFile; fileRef = E19B249C2F5529F1005C18DA /* ReceiptScanView.swift */; };
		E1AB00022F56A10000E66577 /* NotificationManager.swift in Sources */ = {isa = PBXBuildFile; fileRef = E1AB00012F56A10000E66577 /* NotificationManager.swift */; };
		E1AB00042F56A10000E66577 /* NotificationSettingsView.swift in Sources */ = {isa = PBXBuildFile; fileRef = E1AB00032F56A10000E66577 /* NotificationSettingsView.swift */; };
		E1AB00062F56A10000E66577 /* TransactionItemsSection.swift in Sources */ = {isa = PBXBuildFile; fileRef = E1AB00052F56A10000E66577 /* TransactionItemsSection.swift */; };
/* End PBXBuildFile section */

/* Begin PBXCopyFilesBuildPhase section */
		A366DCFA2F575DC80031D968 /* Embed Frameworks */ = {
			isa = PBXCopyFilesBuildPhase;
			buildActionMask = 2147483647;
			dstPath = "";
			dstSubfolderSpec = 10;
			files = (
			);
			name = "Embed Frameworks";
			runOnlyForDeploymentPostprocessing = 0;
		};
/* End PBXCopyFilesBuildPhase section */

/* Begin PBXFileReference section */
		A3E316102F5A14B2005BF54C /* GoogleService-Info.plist */ = {isa = PBXFileReference; lastKnownFileType = text.plist.xml; path = "GoogleService-Info.plist"; sourceTree = "<group>"; };
		ACDFE30F2F5CCE0E00EDF3AE /* InsightsView.swift */ = {isa = PBXFileReference; lastKnownFileType = sourcecode.swift; path = InsightsView.swift; sourceTree = "<group>"; };
		ACDFE3112F5CCE1800EDF3AE /* InsightsViewModel.swift */ = {isa = PBXFileReference; lastKnownFileType = sourcecode.swift; path = InsightsViewModel.swift; sourceTree = "<group>"; };
		E18C836C2F54305800E66577 /* BudgetBuddy.app */ = {isa = PBXFileReference; explicitFileType = wrapper.application; includeInIndex = 0; path = BudgetBuddy.app; sourceTree = BUILT_PRODUCTS_DIR; };
		E18C83762F54305B00E66577 /* Preview Assets.xcassets */ = {isa = PBXFileReference; lastKnownFileType = folder.assetcatalog; path = "Preview Assets.xcassets"; sourceTree = "<group>"; };
		E18C837D2F5432FF00E66577 /* RecommendationsViewModel.swift */ = {isa = PBXFileReference; fileEncoding = 4; lastKnownFileType = sourcecode.swift; path = RecommendationsViewModel.swift; sourceTree = "<group>"; };
		E18C837F2F54330000E66577 /* ChatBubbleView.swift */ = {isa = PBXFileReference; fileEncoding = 4; lastKnownFileType = sourcecode.swift; path = ChatBubbleView.swift; sourceTree = "<group>"; };
		E18C83802F54330000E66577 /* BurndownChartView.swift */ = {isa = PBXFileReference; fileEncoding = 4; lastKnownFileType = sourcecode.swift; path = BurndownChartView.swift; sourceTree = "<group>"; };
		E18C83822F54330000E66577 /* Theme.swift */ = {isa = PBXFileReference; fileEncoding = 4; lastKnownFileType = sourcecode.swift; path = Theme.swift; sourceTree = "<group>"; };
		E18C83832F54330100E66577 /* MockService.swift */ = {isa = PBXFileReference; fileEncoding = 4; lastKnownFileType = sourcecode.swift; path = MockService.swift; sourceTree = "<group>"; };
		E18C83842F54330100E66577 /* APIService.swift */ = {isa = PBXFileReference; fileEncoding = 4; lastKnownFileType = sourcecode.swift; path = APIService.swift; sourceTree = "<group>"; };
		E18C83852F54330200E66577 /* AppConfig.swift */ = {isa = PBXFileReference; fileEncoding = 4; lastKnownFileType = sourcecode.swift; path = AppConfig.swift; sourceTree = "<group>"; };
		E18C83862F54330200E66577 /* Assets.xcassets */ = {isa = PBXFileReference; lastKnownFileType = folder.assetcatalog; path = Assets.xcassets; sourceTree = "<group>"; };
		E18C83872F54330300E66577 /* ExpensesViewModel.swift */ = {isa = PBXFileReference; fileEncoding = 4; lastKnownFileType = sourcecode.swift; path = ExpensesViewModel.swift; sourceTree = "<group>"; };
		E18C83892F54330300E66577 /* Preview Assets.xcassets */ = {isa = PBXFileReference; lastKnownFileType = folder.assetcatalog; path = "Preview Assets.xcassets"; sourceTree = "<group>"; };
		E18C838A2F54330400E66577 /* BudgetBuddyApp.swift */ = {isa = PBXFileReference; fileEncoding = 4; lastKnownFileType = sourcecode.swift; path = BudgetBuddyApp.swift; sourceTree = "<group>"; };
		E18C838B2F54330400E66577 /* SpendingPlanViewModel.swift */ = {isa = PBXFileReference; fileEncoding = 4; lastKnownFileType = sourcecode.swift; path = SpendingPlanViewModel.swift; sourceTree = "<group>"; };
		E18C838C2F54330500E66577 /* BudgetBuddy.entitlements */ = {isa = PBXFileReference; fileEncoding = 4; lastKnownFileType = text.plist.entitlements; path = BudgetBuddy.entitlements; sourceTree = "<group>"; };
		E18C838D2F54330500E66577 /* VoiceTransactionViewModel.swift */ = {isa = PBXFileReference; fileEncoding = 4; lastKnownFileType = sourcecode.swift; path = VoiceTransactionViewModel.swift; sourceTree = "<group>"; };
		E18C838E2F54330600E66577 /* WalletViewModel.swift */ = {isa = PBXFileReference; fileEncoding = 4; lastKnownFileType = sourcecode.swift; path = WalletViewModel.swift; sourceTree = "<group>"; };
		E18C83902F54330600E66577 /* SpeechRecognizer.swift */ = {isa = PBXFileReference; fileEncoding = 4; lastKnownFileType = sourcecode.swift; path = SpeechRecognizer.swift; sourceTree = "<group>"; };
		E18C83912F54330600E66577 /* PlaidService.swift */ = {isa = PBXFileReference; fileEncoding = 4; lastKnownFileType = sourcecode.swift; path = PlaidService.swift; sourceTree = "<group>"; };
		E18C83922F54330600E66577 /* AuthManager.swift */ = {isa = PBXFileReference; fileEncoding = 4; lastKnownFileType = sourcecode.swift; path = AuthManager.swift; sourceTree = "<group>"; };
		E18C83932F54330600E66577 /* PlaidLinkManager.swift */ = {isa = PBXFileReference; fileEncoding = 4; lastKnownFileType = sourcecode.swift; path = PlaidLinkManager.swift; sourceTree = "<group>"; };
		E18C83952F54330700E66577 /* ProfileView.swift */ = {isa = PBXFileReference; fileEncoding = 4; lastKnownFileType = sourcecode.swift; path = ProfileView.swift; sourceTree = "<group>"; };
		E18C83962F54330700E66577 /* RecommendationsView.swift */ = {isa = PBXFileReference; fileEncoding = 4; lastKnownFileType = sourcecode.swift; path = RecommendationsView.swift; sourceTree = "<group>"; };
		E18C83982F54330700E66577 /* PlanQuestionFlowView.swift */ = {isa = PBXFileReference; fileEncoding = 4; lastKnownFileType = sourcecode.swift; path = PlanQuestionFlowView.swift; sourceTree = "<group>"; };
		E18C839A2F54330700E66577 /* LoginView.swift */ = {isa = PBXFileReference; fileEncoding = 4; lastKnownFileType = sourcecode.swift; path = LoginView.swift; sourceTree = "<group>"; };
		E18C839B2F54330700E66577 /* OTPView.swift */ = {isa = PBXFileReference; fileEncoding = 4; lastKnownFileType = sourcecode.swift; path = OTPView.swift; sourceTree = "<group>"; };
		E18C839C2F54330700E66577 /* EnterPhoneView.swift */ = {isa = PBXFileReference; fileEncoding = 4; lastKnownFileType = sourcecode.swift; path = EnterPhoneView.swift; sourceTree = "<group>"; };
		E18C839D2F54330700E66577 /* ExpensesView.swift */ = {isa = PBXFileReference; fileEncoding = 4; lastKnownFileType = sourcecode.swift; path = ExpensesView.swift; sourceTree = "<group>"; };
		E18C839E2F54330700E66577 /* PlanView.swift */ = {isa = PBXFileReference; fileEncoding = 4; lastKnownFileType = sourcecode.swift; path = PlanView.swift; sourceTree = "<group>"; };
		E18C83A02F54330700E66577 /* QuickActionModalView.swift */ = {isa = PBXFileReference; fileEncoding = 4; lastKnownFileType = sourcecode.swift; path = QuickActionModalView.swift; sourceTree = "<group>"; };
		E18C83A12F54330700E66577 /* GenerativeWidgetView.swift */ = {isa = PBXFileReference; fileEncoding = 4; lastKnownFileType = sourcecode.swift; path = GenerativeWidgetView.swift; sourceTree = "<group>"; };
		E18C83A22F54330700E66577 /* BurndownWidgetView.swift */ = {isa = PBXFileReference; fileEncoding = 4; lastKnownFileType = sourcecode.swift; path = BurndownWidgetView.swift; sourceTree = "<group>"; };
		E18C83A32F54330700E66577 /* PulseHeaderView.swift */ = {isa = PBXFileReference; fileEncoding = 4; lastKnownFileType = sourcecode.swift; path = PulseHeaderView.swift; sourceTree = "<group>"; };
		E18C83A52F54330700E66577 /* PlanDashboardCards.swift */ = {isa = PBXFileReference; fileEncoding = 4; lastKnownFileType = sourcecode.swift; path = PlanDashboardCards.swift; sourceTree = "<group>"; };
		E18C83A62F54330700E66577 /* VoiceTransactionFlowView.swift */ = {isa = PBXFileReference; fileEncoding = 4; lastKnownFileType = sourcecode.swift; path = VoiceTransactionFlowView.swift; sourceTree = "<group>"; };
		E18C83A72F54330700E66577 /* SmartNudgesCard.swift */ = {isa = PBXFileReference; fileEncoding = 4; lastKnownFileType = sourcecode.swift; path = SmartNudgesCard.swift; sourceTree = "<group>"; };
		E18C83A82F54330700E66577 /* VoiceTransactionTile.swift */ = {isa = PBXFileReference; fileEncoding = 4; lastKnownFileType = sourcecode.swift; path = VoiceTransactionTile.swift; sourceTree = "<group>"; };
		E18C83A92F54330700E66577 /* VoiceRecordingSheet.swift */ = {isa = PBXFileReference; fileEncoding = 4; lastKnownFileType = sourcecode.swift; path = VoiceRecordingSheet.swift; sourceTree = "<group>"; };
		E18C83AA2F54330700E66577 /* TransactionConfirmationView.swift */ = {isa = PBXFileReference; fileEncoding = 4; lastKnownFileType = sourcecode.swift; path = TransactionConfirmationView.swift; sourceTree = "<group>"; };
		E18C83AB2F54330700E66577 /* GoalProgressSection.swift */ = {isa = PBXFileReference; fileEncoding = 4; lastKnownFileType = sourcecode.swift; path = GoalProgressSection.swift; sourceTree = "<group>"; };
		E18C83AC2F54330700E66577 /* VoiceTransactionSuccessView.swift */ = {isa = PBXFileReference; fileEncoding = 4; lastKnownFileType = sourcecode.swift; path = VoiceTransactionSuccessView.swift; sourceTree = "<group>"; };
		E18C83AD2F54330700E66577 /* TopExpensesCard.swift */ = {isa = PBXFileReference; fileEncoding = 4; lastKnownFileType = sourcecode.swift; path = TopExpensesCard.swift; sourceTree = "<group>"; };
		E18C83AF2F54330700E66577 /* PlaidLinkView.swift */ = {isa = PBXFileReference; fileEncoding = 4; lastKnownFileType = sourcecode.swift; path = PlaidLinkView.swift; sourceTree = "<group>"; };
		E18C83B02F54330700E66577 /* ChatView.swift */ = {isa = PBXFileReference; fileEncoding = 4; lastKnownFileType = sourcecode.swift; path = ChatView.swift; sourceTree = "<group>"; };
		E18C83B12F54330700E66577 /* WalletView.swift */ = {isa = PBXFileReference; fileEncoding = 4; lastKnownFileType = sourcecode.swift; path = WalletView.swift; sourceTree = "<group>"; };
		E18C83B22F54330700E66577 /* ContentView.swift */ = {isa = PBXFileReference; fileEncoding = 4; lastKnownFileType = sourcecode.swift; path = ContentView.swift; sourceTree = "<group>"; };
		E18C83B42F54330700E66577 /* OnboardingWizardView.swift */ = {isa = PBXFileReference; fileEncoding = 4; lastKnownFileType = sourcecode.swift; path = OnboardingWizardView.swift; sourceTree = "<group>"; };
		E18C83B52F54330700E66577 /* ProfileViewModel.swift */ = {isa = PBXFileReference; fileEncoding = 4; lastKnownFileType = sourcecode.swift; path = ProfileViewModel.swift; sourceTree = "<group>"; };
		E18C83B62F54330800E66577 /* ChatViewModel.swift */ = {isa = PBXFileReference; fileEncoding = 4; lastKnownFileType = sourcecode.swift; path = ChatViewModel.swift; sourceTree = "<group>"; };
		E18C83B72F54330800E66577 /* Models.swift */ = {isa = PBXFileReference; fileEncoding = 4; lastKnownFileType = sourcecode.swift; path = Models.swift; sourceTree = "<group>"; };
		E19B24982F55295A005C18DA /* ReceiptScanViewModel.swift */ = {isa = PBXFileReference; fileEncoding = 4; lastKnownFileType = sourcecode.swift; path = ReceiptScanViewModel.swift; sourceTree = "<group>"; };
		E19B249B2F5529F1005C18DA /* ReceiptLineItemsView.swift */ = {isa = PBXFileReference; fileEncoding = 4; lastKnownFileType = sourcecode.swift; path = ReceiptLineItemsView.swift; sourceTree = "<group>"; };
		E19B249C2F5529F1005C18DA /* ReceiptScanView.swift */ = {isa = PBXFileReference; fileEncoding = 4; lastKnownFileType = sourcecode.swift; path = ReceiptScanView.swift; sourceTree = "<group>"; };
		E1AB00012F56A10000E66577 /* NotificationManager.swift */ = {isa = PBXFileReference; fileEncoding = 4; lastKnownFileType = sourcecode.swift; path = NotificationManager.swift; sourceTree = "<group>"; };
		E1AB00032F56A10000E66577 /* NotificationSettingsView.swift */ = {isa = PBXFileReference; fileEncoding = 4; lastKnownFileType = sourcecode.swift; path = NotificationSettingsView.swift; sourceTree = "<group>"; };
		E1AB00052F56A10000E66577 /* TransactionItemsSection.swift */ = {isa = PBXFileReference; fileEncoding = 4; lastKnownFileType = sourcecode.swift; path = TransactionItemsSection.swift; sourceTree = "<group>"; };
/* End PBXFileReference section */

/* Begin PBXFrameworksBuildPhase section */
		E18C83692F54305800E66577 /* Frameworks */ = {
			isa = PBXFrameworksBuildPhase;
			buildActionMask = 2147483647;
			files = (
				E18C83E92F54339700E66577 /* PhoneNumberKit in Frameworks */,
				A3E3160F2F5A12D9005BF54C /* FirebaseCore in Frameworks */,
				E18C83F02F5433AD00E66577 /* LinkKit in Frameworks */,
				E18C83ED2F54339700E66577 /* PhoneNumberKit-Static in Frameworks */,
				A3E3160D2F5A12D9005BF54C /* FirebaseAuth in Frameworks */,
			);
			runOnlyForDeploymentPostprocessing = 0;
		};
/* End PBXFrameworksBuildPhase section */

/* Begin PBXGroup section */
		A366DCF62F575DC30031D968 /* Frameworks */ = {
			isa = PBXGroup;
			children = (
			);
			name = Frameworks;
			sourceTree = "<group>";
		};
		E18C83632F54305800E66577 = {
			isa = PBXGroup;
			children = (
				E18C836E2F54305800E66577 /* BudgetBuddy */,
				A366DCF62F575DC30031D968 /* Frameworks */,
				E18C836D2F54305800E66577 /* Products */,
			);
			sourceTree = "<group>";
		};
		E18C836D2F54305800E66577 /* Products */ = {
			isa = PBXGroup;
			children = (
				E18C836C2F54305800E66577 /* BudgetBuddy.app */,
			);
			name = Products;
			sourceTree = "<group>";
		};
		E18C836E2F54305800E66577 /* BudgetBuddy */ = {
			isa = PBXGroup;
			children = (
				A3E316102F5A14B2005BF54C /* GoogleService-Info.plist */,
				E19B24982F55295A005C18DA /* ReceiptScanViewModel.swift */,
				E18C83842F54330100E66577 /* APIService.swift */,
				E18C83852F54330200E66577 /* AppConfig.swift */,
				E18C83862F54330200E66577 /* Assets.xcassets */,
				E18C838C2F54330500E66577 /* BudgetBuddy.entitlements */,
				E18C838A2F54330400E66577 /* BudgetBuddyApp.swift */,
				E18C83B62F54330800E66577 /* ChatViewModel.swift */,
				E18C837E2F54330000E66577 /* Components */,
				E18C83812F54330000E66577 /* Design */,
				E18C83872F54330300E66577 /* ExpensesViewModel.swift */,
				E18C83832F54330100E66577 /* MockService.swift */,
				E18C83B72F54330800E66577 /* Models.swift */,
				E18C83882F54330300E66577 /* Preview Content */,
				E18C83B52F54330700E66577 /* ProfileViewModel.swift */,
				E18C837D2F5432FF00E66577 /* RecommendationsViewModel.swift */,
				E18C838F2F54330600E66577 /* Services */,
				E18C838B2F54330400E66577 /* SpendingPlanViewModel.swift */,
				E18C83942F54330700E66577 /* Views */,
				E18C838D2F54330500E66577 /* VoiceTransactionViewModel.swift */,
				ACDFE3112F5CCE1800EDF3AE /* InsightsViewModel.swift */,
				E18C838E2F54330600E66577 /* WalletViewModel.swift */,
				E18C83752F54305B00E66577 /* Preview Content */,
			);
			path = BudgetBuddy;
			sourceTree = "<group>";
		};
		E18C83752F54305B00E66577 /* Preview Content */ = {
			isa = PBXGroup;
			children = (
				E18C83762F54305B00E66577 /* Preview Assets.xcassets */,
			);
			path = "Preview Content";
			sourceTree = "<group>";
		};
		E18C837E2F54330000E66577 /* Components */ = {
			isa = PBXGroup;
			children = (
				E18C837F2F54330000E66577 /* ChatBubbleView.swift */,
				E18C83802F54330000E66577 /* BurndownChartView.swift */,
			);
			path = Components;
			sourceTree = "<group>";
		};
		E18C83812F54330000E66577 /* Design */ = {
			isa = PBXGroup;
			children = (
				E18C83822F54330000E66577 /* Theme.swift */,
			);
			path = Design;
			sourceTree = "<group>";
		};
		E18C83882F54330300E66577 /* Preview Content */ = {
			isa = PBXGroup;
			children = (
				E18C83892F54330300E66577 /* Preview Assets.xcassets */,
			);
			path = "Preview Content";
			sourceTree = "<group>";
		};
		E18C838F2F54330600E66577 /* Services */ = {
			isa = PBXGroup;
			children = (
				E18C83902F54330600E66577 /* SpeechRecognizer.swift */,
				E18C83912F54330600E66577 /* PlaidService.swift */,
				E18C83922F54330600E66577 /* AuthManager.swift */,
				E18C83932F54330600E66577 /* PlaidLinkManager.swift */,
				E1AB00012F56A10000E66577 /* NotificationManager.swift */,
			);
			path = Services;
			sourceTree = "<group>";
		};
		E18C83942F54330700E66577 /* Views */ = {
			isa = PBXGroup;
			children = (
				ACDFE30F2F5CCE0E00EDF3AE /* InsightsView.swift */,
				E19B249A2F5529F1005C18DA /* Receipt */,
				E18C83952F54330700E66577 /* ProfileView.swift */,
				E18C83962F54330700E66577 /* RecommendationsView.swift */,
				E18C83972F54330700E66577 /* SpendingPlan */,
				E18C83992F54330700E66577 /* Auth */,
				E18C839D2F54330700E66577 /* ExpensesView.swift */,
				E18C839E2F54330700E66577 /* PlanView.swift */,
				E18C839F2F54330700E66577 /* Components */,
				E18C83A42F54330700E66577 /* Wallet */,
				E18C83AE2F54330700E66577 /* Plaid */,
				E18C83B02F54330700E66577 /* ChatView.swift */,
				E18C83B12F54330700E66577 /* WalletView.swift */,
				E18C83B22F54330700E66577 /* ContentView.swift */,
				E18C83B32F54330700E66577 /* Onboarding */,
				E1AB00032F56A10000E66577 /* NotificationSettingsView.swift */,
			);
			path = Views;
			sourceTree = "<group>";
		};
		E18C83972F54330700E66577 /* SpendingPlan */ = {
			isa = PBXGroup;
			children = (
				E18C83982F54330700E66577 /* PlanQuestionFlowView.swift */,
			);
			path = SpendingPlan;
			sourceTree = "<group>";
		};
		E18C83992F54330700E66577 /* Auth */ = {
			isa = PBXGroup;
			children = (
				E18C839A2F54330700E66577 /* LoginView.swift */,
				E18C839B2F54330700E66577 /* OTPView.swift */,
				E18C839C2F54330700E66577 /* EnterPhoneView.swift */,
			);
			path = Auth;
			sourceTree = "<group>";
		};
		E18C839F2F54330700E66577 /* Components */ = {
			isa = PBXGroup;
			children = (
				E18C83A02F54330700E66577 /* QuickActionModalView.swift */,
				E18C83A12F54330700E66577 /* GenerativeWidgetView.swift */,
				E18C83A22F54330700E66577 /* BurndownWidgetView.swift */,
				E18C83A32F54330700E66577 /* PulseHeaderView.swift */,
				E1AB00052F56A10000E66577 /* TransactionItemsSection.swift */,
			);
			path = Components;
			sourceTree = "<group>";
		};
		E18C83A42F54330700E66577 /* Wallet */ = {
			isa = PBXGroup;
			children = (
				E18C83A52F54330700E66577 /* PlanDashboardCards.swift */,
				E18C83A62F54330700E66577 /* VoiceTransactionFlowView.swift */,
				E18C83A72F54330700E66577 /* SmartNudgesCard.swift */,
				E18C83A82F54330700E66577 /* VoiceTransactionTile.swift */,
				E18C83A92F54330700E66577 /* VoiceRecordingSheet.swift */,
				E18C83AA2F54330700E66577 /* TransactionConfirmationView.swift */,
				E18C83AB2F54330700E66577 /* GoalProgressSection.swift */,
				E18C83AC2F54330700E66577 /* VoiceTransactionSuccessView.swift */,
				E18C83AD2F54330700E66577 /* TopExpensesCard.swift */,
			);
			path = Wallet;
			sourceTree = "<group>";
		};
		E18C83AE2F54330700E66577 /* Plaid */ = {
			isa = PBXGroup;
			children = (
				E18C83AF2F54330700E66577 /* PlaidLinkView.swift */,
			);
			path = Plaid;
			sourceTree = "<group>";
		};
		E18C83B32F54330700E66577 /* Onboarding */ = {
			isa = PBXGroup;
			children = (
				E18C83B42F54330700E66577 /* OnboardingWizardView.swift */,
			);
			path = Onboarding;
			sourceTree = "<group>";
		};
		E19B249A2F5529F1005C18DA /* Receipt */ = {
			isa = PBXGroup;
			children = (
				E19B249B2F5529F1005C18DA /* ReceiptLineItemsView.swift */,
				E19B249C2F5529F1005C18DA /* ReceiptScanView.swift */,
			);
			path = Receipt;
			sourceTree = "<group>";
		};
/* End PBXGroup section */

/* Begin PBXNativeTarget section */
		E18C836B2F54305800E66577 /* BudgetBuddy */ = {
			isa = PBXNativeTarget;
			buildConfigurationList = E18C837A2F54305B00E66577 /* Build configuration list for PBXNativeTarget "BudgetBuddy" */;
			buildPhases = (
				E18C83682F54305800E66577 /* Sources */,
				E18C83692F54305800E66577 /* Frameworks */,
				E18C836A2F54305800E66577 /* Resources */,
				A366DCFA2F575DC80031D968 /* Embed Frameworks */,
			);
			buildRules = (
			);
			dependencies = (
			);
			name = BudgetBuddy;
			packageProductDependencies = (
				E18C83E82F54339700E66577 /* PhoneNumberKit */,
				E18C83EC2F54339700E66577 /* PhoneNumberKit-Static */,
				E18C83EF2F5433AD00E66577 /* LinkKit */,
				A3E3160C2F5A12D9005BF54C /* FirebaseAuth */,
				A3E3160E2F5A12D9005BF54C /* FirebaseCore */,
			);
			productName = BudgetBuddy;
			productReference = E18C836C2F54305800E66577 /* BudgetBuddy.app */;
			productType = "com.apple.product-type.application";
		};
/* End PBXNativeTarget section */

/* Begin PBXProject section */
		E18C83642F54305800E66577 /* Project object */ = {
			isa = PBXProject;
			attributes = {
				BuildIndependentTargetsInParallel = 1;
				LastSwiftUpdateCheck = 1520;
				LastUpgradeCheck = 2620;
				TargetAttributes = {
					E18C836B2F54305800E66577 = {
						CreatedOnToolsVersion = 15.2;
						LastSwiftMigration = 1520;
					};
				};
			};
			buildConfigurationList = E18C83672F54305800E66577 /* Build configuration list for PBXProject "BudgetBuddy" */;
			compatibilityVersion = "Xcode 14.0";
			developmentRegion = en;
			hasScannedForEncodings = 0;
			knownRegions = (
				en,
				Base,
			);
			mainGroup = E18C83632F54305800E66577;
			packageReferences = (
				E18C83E72F54339700E66577 /* XCRemoteSwiftPackageReference "PhoneNumberKit" */,
				E18C83EE2F5433AD00E66577 /* XCRemoteSwiftPackageReference "plaid-link-ios" */,
				A3E3160B2F5A12D9005BF54C /* XCRemoteSwiftPackageReference "firebase-ios-sdk" */,
			);
			productRefGroup = E18C836D2F54305800E66577 /* Products */;
			projectDirPath = "";
			projectRoot = "";
			targets = (
				E18C836B2F54305800E66577 /* BudgetBuddy */,
			);
		};
/* End PBXProject section */

/* Begin PBXResourcesBuildPhase section */
		E18C836A2F54305800E66577 /* Resources */ = {
			isa = PBXResourcesBuildPhase;
			buildActionMask = 2147483647;
			files = (
				E18C83C12F54330900E66577 /* Preview Assets.xcassets in Resources */,
				E18C83BF2F54330900E66577 /* Assets.xcassets in Resources */,
				A3E316112F5A14B3005BF54C /* GoogleService-Info.plist in Resources */,
			);
			runOnlyForDeploymentPostprocessing = 0;
		};
/* End PBXResourcesBuildPhase section */

/* Begin PBXSourcesBuildPhase section */
		E18C83682F54305800E66577 /* Sources */ = {
			isa = PBXSourcesBuildPhase;
			buildActionMask = 2147483647;
			files = (
				E18C83DD2F54330900E66577 /* VoiceTransactionSuccessView.swift in Sources */,
				E18C83B92F54330900E66577 /* ChatBubbleView.swift in Sources */,
				E18C83D52F54330900E66577 /* PulseHeaderView.swift in Sources */,
				E18C83C32F54330900E66577 /* SpendingPlanViewModel.swift in Sources */,
				E18C83C02F54330900E66577 /* ExpensesViewModel.swift in Sources */,
				E18C83DE2F54330900E66577 /* TopExpensesCard.swift in Sources */,
				E18C83D22F54330900E66577 /* QuickActionModalView.swift in Sources */,
				E18C83BC2F54330900E66577 /* MockService.swift in Sources */,
				E18C83C92F54330900E66577 /* PlaidLinkManager.swift in Sources */,
				E18C83D32F54330900E66577 /* GenerativeWidgetView.swift in Sources */,
				E18C83CB2F54330900E66577 /* RecommendationsView.swift in Sources */,
				E18C83D42F54330900E66577 /* BurndownWidgetView.swift in Sources */,
				E18C83C82F54330900E66577 /* AuthManager.swift in Sources */,
				E18C83C22F54330900E66577 /* BudgetBuddyApp.swift in Sources */,
				E18C83D62F54330900E66577 /* PlanDashboardCards.swift in Sources */,
				E18C83BB2F54330900E66577 /* Theme.swift in Sources */,
				E19B24992F55295B005C18DA /* ReceiptScanViewModel.swift in Sources */,
				E18C83D72F54330900E66577 /* VoiceTransactionFlowView.swift in Sources */,
				E18C83DA2F54330900E66577 /* VoiceRecordingSheet.swift in Sources */,
				E18C83BE2F54330900E66577 /* AppConfig.swift in Sources */,
				E18C83E02F54330900E66577 /* ChatView.swift in Sources */,
				E18C83E32F54330900E66577 /* OnboardingWizardView.swift in Sources */,
				E18C83D82F54330900E66577 /* SmartNudgesCard.swift in Sources */,
				E18C83CA2F54330900E66577 /* ProfileView.swift in Sources */,
				E18C83BA2F54330900E66577 /* BurndownChartView.swift in Sources */,
				E18C83E62F54330900E66577 /* Models.swift in Sources */,
				E18C83C72F54330900E66577 /* PlaidService.swift in Sources */,
				E18C83BD2F54330900E66577 /* APIService.swift in Sources */,
				E19B249E2F5529F1005C18DA /* ReceiptScanView.swift in Sources */,
				E18C83CF2F54330900E66577 /* EnterPhoneView.swift in Sources */,
				E18C83CE2F54330900E66577 /* OTPView.swift in Sources */,
				E18C83E42F54330900E66577 /* ProfileViewModel.swift in Sources */,
				E18C83E22F54330900E66577 /* ContentView.swift in Sources */,
				E18C83CC2F54330900E66577 /* PlanQuestionFlowView.swift in Sources */,
				E18C83DC2F54330900E66577 /* GoalProgressSection.swift in Sources */,
				E18C83C52F54330900E66577 /* WalletViewModel.swift in Sources */,
				E18C83D02F54330900E66577 /* ExpensesView.swift in Sources */,
				E18C83E12F54330900E66577 /* WalletView.swift in Sources */,
				E18C83C62F54330900E66577 /* SpeechRecognizer.swift in Sources */,
				ACDFE3102F5CCE0E00EDF3AE /* InsightsView.swift in Sources */,
				E18C83C42F54330900E66577 /* VoiceTransactionViewModel.swift in Sources */,
				E18C83CD2F54330900E66577 /* LoginView.swift in Sources */,
				E18C83DF2F54330900E66577 /* PlaidLinkView.swift in Sources */,
				E18C83DB2F54330900E66577 /* TransactionConfirmationView.swift in Sources */,
				E18C83B82F54330900E66577 /* RecommendationsViewModel.swift in Sources */,
				E18C83D12F54330900E66577 /* PlanView.swift in Sources */,
				E18C83E52F54330900E66577 /* ChatViewModel.swift in Sources */,
				E18C83D92F54330900E66577 /* VoiceTransactionTile.swift in Sources */,
				E19B249D2F5529F1005C18DA /* ReceiptLineItemsView.swift in Sources */,
				E1AB00022F56A10000E66577 /* NotificationManager.swift in Sources */,
				E1AB00042F56A10000E66577 /* NotificationSettingsView.swift in Sources */,
				E1AB00062F56A10000E66577 /* TransactionItemsSection.swift in Sources */,
				ACDFE3122F5CCE1800EDF3AE /* InsightsViewModel.swift in Sources */,
			);
			runOnlyForDeploymentPostprocessing = 0;
		};
/* End PBXSourcesBuildPhase section */

/* Begin XCBuildConfiguration section */
		E18C83782F54305B00E66577 /* Debug */ = {
			isa = XCBuildConfiguration;
			buildSettings = {
				ALWAYS_SEARCH_USER_PATHS = NO;
				ASSETCATALOG_COMPILER_GENERATE_SWIFT_ASSET_SYMBOL_EXTENSIONS = YES;
				CLANG_ANALYZER_NONNULL = YES;
				CLANG_ANALYZER_NUMBER_OBJECT_CONVERSION = YES_AGGRESSIVE;
				CLANG_CXX_LANGUAGE_STANDARD = "gnu++20";
				CLANG_ENABLE_MODULES = YES;
				CLANG_ENABLE_OBJC_ARC = YES;
				CLANG_ENABLE_OBJC_WEAK = YES;
				CLANG_WARN_BLOCK_CAPTURE_AUTORELEASING = YES;
				CLANG_WARN_BOOL_CONVERSION = YES;
				CLANG_WARN_COMMA = YES;
				CLANG_WARN_CONSTANT_CONVERSION = YES;
				CLANG_WARN_DEPRECATED_OBJC_IMPLEMENTATIONS = YES;
				CLANG_WARN_DIRECT_OBJC_ISA_USAGE = YES_ERROR;
				CLANG_WARN_DOCUMENTATION_COMMENTS = YES;
				CLANG_WARN_EMPTY_BODY = YES;
				CLANG_WARN_ENUM_CONVERSION = YES;
				CLANG_WARN_INFINITE_RECURSION = YES;
				CLANG_WARN_INT_CONVERSION = YES;
				CLANG_WARN_NON_LITERAL_NULL_CONVERSION = YES;
				CLANG_WARN_OBJC_IMPLICIT_RETAIN_SELF = YES;
				CLANG_WARN_OBJC_LITERAL_CONVERSION = YES;
				CLANG_WARN_OBJC_ROOT_CLASS = YES_ERROR;
				CLANG_WARN_QUOTED_INCLUDE_IN_FRAMEWORK_HEADER = YES;
				CLANG_WARN_RANGE_LOOP_ANALYSIS = YES;
				CLANG_WARN_STRICT_PROTOTYPES = YES;
				CLANG_WARN_SUSPICIOUS_MOVE = YES;
				CLANG_WARN_UNGUARDED_AVAILABILITY = YES_AGGRESSIVE;
				CLANG_WARN_UNREACHABLE_CODE = YES;
				CLANG_WARN__DUPLICATE_METHOD_MATCH = YES;
				COPY_PHASE_STRIP = NO;
				DEBUG_INFORMATION_FORMAT = dwarf;
				DEVELOPMENT_TEAM = NQWLF9RT3X;
				ENABLE_STRICT_OBJC_MSGSEND = YES;
				ENABLE_TESTABILITY = YES;
				ENABLE_USER_SCRIPT_SANDBOXING = YES;
				GCC_C_LANGUAGE_STANDARD = gnu17;
				GCC_DYNAMIC_NO_PIC = NO;
				GCC_NO_COMMON_BLOCKS = YES;
				GCC_OPTIMIZATION_LEVEL = 0;
				GCC_PREPROCESSOR_DEFINITIONS = (
					"DEBUG=1",
					"$(inherited)",
				);
				GCC_WARN_64_TO_32_BIT_CONVERSION = YES;
				GCC_WARN_ABOUT_RETURN_TYPE = YES_ERROR;
				GCC_WARN_UNDECLARED_SELECTOR = YES;
				GCC_WARN_UNINITIALIZED_AUTOS = YES_AGGRESSIVE;
				GCC_WARN_UNUSED_FUNCTION = YES;
				GCC_WARN_UNUSED_VARIABLE = YES;
				IPHONEOS_DEPLOYMENT_TARGET = 17.2;
				LOCALIZATION_PREFERS_STRING_CATALOGS = YES;
				MTL_ENABLE_DEBUG_INFO = INCLUDE_SOURCE;
				MTL_FAST_MATH = YES;
				ONLY_ACTIVE_ARCH = YES;
				SDKROOT = iphoneos;
				STRING_CATALOG_GENERATE_SYMBOLS = YES;
				SWIFT_ACTIVE_COMPILATION_CONDITIONS = "DEBUG $(inherited)";
				SWIFT_OPTIMIZATION_LEVEL = "-Onone";
			};
			name = Debug;
		};
		E18C83792F54305B00E66577 /* Release */ = {
			isa = XCBuildConfiguration;
			buildSettings = {
				ALWAYS_SEARCH_USER_PATHS = NO;
				ASSETCATALOG_COMPILER_GENERATE_SWIFT_ASSET_SYMBOL_EXTENSIONS = YES;
				CLANG_ANALYZER_NONNULL = YES;
				CLANG_ANALYZER_NUMBER_OBJECT_CONVERSION = YES_AGGRESSIVE;
				CLANG_CXX_LANGUAGE_STANDARD = "gnu++20";
				CLANG_ENABLE_MODULES = YES;
				CLANG_ENABLE_OBJC_ARC = YES;
				CLANG_ENABLE_OBJC_WEAK = YES;
				CLANG_WARN_BLOCK_CAPTURE_AUTORELEASING = YES;
				CLANG_WARN_BOOL_CONVERSION = YES;
				CLANG_WARN_COMMA = YES;
				CLANG_WARN_CONSTANT_CONVERSION = YES;
				CLANG_WARN_DEPRECATED_OBJC_IMPLEMENTATIONS = YES;
				CLANG_WARN_DIRECT_OBJC_ISA_USAGE = YES_ERROR;
				CLANG_WARN_DOCUMENTATION_COMMENTS = YES;
				CLANG_WARN_EMPTY_BODY = YES;
				CLANG_WARN_ENUM_CONVERSION = YES;
				CLANG_WARN_INFINITE_RECURSION = YES;
				CLANG_WARN_INT_CONVERSION = YES;
				CLANG_WARN_NON_LITERAL_NULL_CONVERSION = YES;
				CLANG_WARN_OBJC_IMPLICIT_RETAIN_SELF = YES;
				CLANG_WARN_OBJC_LITERAL_CONVERSION = YES;
				CLANG_WARN_OBJC_ROOT_CLASS = YES_ERROR;
				CLANG_WARN_QUOTED_INCLUDE_IN_FRAMEWORK_HEADER = YES;
				CLANG_WARN_RANGE_LOOP_ANALYSIS = YES;
				CLANG_WARN_STRICT_PROTOTYPES = YES;
				CLANG_WARN_SUSPICIOUS_MOVE = YES;
				CLANG_WARN_UNGUARDED_AVAILABILITY = YES_AGGRESSIVE;
				CLANG_WARN_UNREACHABLE_CODE = YES;
				CLANG_WARN__DUPLICATE_METHOD_MATCH = YES;
				COPY_PHASE_STRIP = NO;
				DEBUG_INFORMATION_FORMAT = "dwarf-with-dsym";
				DEVELOPMENT_TEAM = NQWLF9RT3X;
				ENABLE_NS_ASSERTIONS = NO;
				ENABLE_STRICT_OBJC_MSGSEND = YES;
				ENABLE_USER_SCRIPT_SANDBOXING = YES;
				GCC_C_LANGUAGE_STANDARD = gnu17;
				GCC_NO_COMMON_BLOCKS = YES;
				GCC_WARN_64_TO_32_BIT_CONVERSION = YES;
				GCC_WARN_ABOUT_RETURN_TYPE = YES_ERROR;
				GCC_WARN_UNDECLARED_SELECTOR = YES;
				GCC_WARN_UNINITIALIZED_AUTOS = YES_AGGRESSIVE;
				GCC_WARN_UNUSED_FUNCTION = YES;
				GCC_WARN_UNUSED_VARIABLE = YES;
				IPHONEOS_DEPLOYMENT_TARGET = 17.2;
				LOCALIZATION_PREFERS_STRING_CATALOGS = YES;
				MTL_ENABLE_DEBUG_INFO = NO;
				MTL_FAST_MATH = YES;
				SDKROOT = iphoneos;
				STRING_CATALOG_GENERATE_SYMBOLS = YES;
				SWIFT_COMPILATION_MODE = wholemodule;
				VALIDATE_PRODUCT = YES;
			};
			name = Release;
		};
		E18C837B2F54305B00E66577 /* Debug */ = {
			isa = XCBuildConfiguration;
			buildSettings = {
				ASSETCATALOG_COMPILER_APPICON_NAME = AppIcon;
				ASSETCATALOG_COMPILER_GLOBAL_ACCENT_COLOR_NAME = AccentColor;
				CLANG_ENABLE_MODULES = YES;
				CODE_SIGN_ENTITLEMENTS = BudgetBuddy/BudgetBuddy.entitlements;
				CODE_SIGN_STYLE = Automatic;
				CURRENT_PROJECT_VERSION = 1;
				DEVELOPMENT_ASSET_PATHS = "\"BudgetBuddy/Preview Content\"";
				ENABLE_PREVIEWS = YES;
				GENERATE_INFOPLIST_FILE = YES;
				INFOPLIST_FILE = BudgetBuddy/Info.plist;
				INFOPLIST_KEY_CFBundleDisplayName = BudgetBuddies;
				INFOPLIST_KEY_LSApplicationCategoryType = "public.app-category.finance";
				INFOPLIST_KEY_UIApplicationSceneManifest_Generation = YES;
				INFOPLIST_KEY_UIApplicationSupportsIndirectInputEvents = YES;
				INFOPLIST_KEY_UILaunchScreen_Generation = YES;
				INFOPLIST_KEY_UISupportedInterfaceOrientations_iPhone = "UIInterfaceOrientationPortrait UIInterfaceOrientationLandscapeLeft UIInterfaceOrientationLandscapeRight";
				LD_RUNPATH_SEARCH_PATHS = (
					"$(inherited)",
					"@executable_path/Frameworks",
				);
				MARKETING_VERSION = 1.0;
				PRODUCT_BUNDLE_IDENTIFIER = sample.BudgetBud;
				PRODUCT_NAME = "$(TARGET_NAME)";
				SWIFT_EMIT_LOC_STRINGS = YES;
				SWIFT_OPTIMIZATION_LEVEL = "-Onone";
				SWIFT_VERSION = 5.0;
				TARGETED_DEVICE_FAMILY = 1;
			};
			name = Debug;
		};
		E18C837C2F54305B00E66577 /* Release */ = {
			isa = XCBuildConfiguration;
			buildSettings = {
				ASSETCATALOG_COMPILER_APPICON_NAME = AppIcon;
				ASSETCATALOG_COMPILER_GLOBAL_ACCENT_COLOR_NAME = AccentColor;
				CLANG_ENABLE_MODULES = YES;
				CODE_SIGN_ENTITLEMENTS = BudgetBuddy/BudgetBuddy.entitlements;
				CODE_SIGN_STYLE = Automatic;
				CURRENT_PROJECT_VERSION = 1;
				DEVELOPMENT_ASSET_PATHS = "\"BudgetBuddy/Preview Content\"";
				ENABLE_PREVIEWS = YES;
				GENERATE_INFOPLIST_FILE = YES;
				INFOPLIST_FILE = BudgetBuddy/Info.plist;
				INFOPLIST_KEY_CFBundleDisplayName = BudgetBuddies;
				INFOPLIST_KEY_LSApplicationCategoryType = "public.app-category.finance";
				INFOPLIST_KEY_UIApplicationSceneManifest_Generation = YES;
				INFOPLIST_KEY_UIApplicationSupportsIndirectInputEvents = YES;
				INFOPLIST_KEY_UILaunchScreen_Generation = YES;
				INFOPLIST_KEY_UISupportedInterfaceOrientations_iPhone = "UIInterfaceOrientationPortrait UIInterfaceOrientationLandscapeLeft UIInterfaceOrientationLandscapeRight";
				LD_RUNPATH_SEARCH_PATHS = (
					"$(inherited)",
					"@executable_path/Frameworks",
				);
				MARKETING_VERSION = 1.0;
				PRODUCT_BUNDLE_IDENTIFIER = sample.BudgetBud;
				PRODUCT_NAME = "$(TARGET_NAME)";
				SWIFT_EMIT_LOC_STRINGS = YES;
				SWIFT_VERSION = 5.0;
				TARGETED_DEVICE_FAMILY = 1;
			};
			name = Release;
		};
/* End XCBuildConfiguration section */

/* Begin XCConfigurationList section */
		E18C83672F54305800E66577 /* Build configuration list for PBXProject "BudgetBuddy" */ = {
			isa = XCConfigurationList;
			buildConfigurations = (
				E18C83782F54305B00E66577 /* Debug */,
				E18C83792F54305B00E66577 /* Release */,
			);
			defaultConfigurationIsVisible = 0;
			defaultConfigurationName = Release;
		};
		E18C837A2F54305B00E66577 /* Build configuration list for PBXNativeTarget "BudgetBuddy" */ = {
			isa = XCConfigurationList;
			buildConfigurations = (
				E18C837B2F54305B00E66577 /* Debug */,
				E18C837C2F54305B00E66577 /* Release */,
			);
			defaultConfigurationIsVisible = 0;
			defaultConfigurationName = Release;
		};
/* End XCConfigurationList section */

/* Begin XCRemoteSwiftPackageReference section */
		A3E3160B2F5A12D9005BF54C /* XCRemoteSwiftPackageReference "firebase-ios-sdk" */ = {
			isa = XCRemoteSwiftPackageReference;
			repositoryURL = "https://github.com/firebase/firebase-ios-sdk";
			requirement = {
				kind = upToNextMajorVersion;
				minimumVersion = 12.10.0;
			};
		};
		E18C83E72F54339700E66577 /* XCRemoteSwiftPackageReference "PhoneNumberKit" */ = {
			isa = XCRemoteSwiftPackageReference;
			repositoryURL = "https://github.com/marmelroy/PhoneNumberKit";
			requirement = {
				kind = exactVersion;
				version = 3.7.0;
			};
		};
		E18C83EE2F5433AD00E66577 /* XCRemoteSwiftPackageReference "plaid-link-ios" */ = {
			isa = XCRemoteSwiftPackageReference;
			repositoryURL = "https://github.com/plaid/plaid-link-ios";
			requirement = {
				kind = exactVersion;
				version = 4.7.0;
			};
		};
/* End XCRemoteSwiftPackageReference section */

/* Begin XCSwiftPackageProductDependency section */
		A3E3160C2F5A12D9005BF54C /* FirebaseAuth */ = {
			isa = XCSwiftPackageProductDependency;
			package = A3E3160B2F5A12D9005BF54C /* XCRemoteSwiftPackageReference "firebase-ios-sdk" */;
			productName = FirebaseAuth;
		};
		A3E3160E2F5A12D9005BF54C /* FirebaseCore */ = {
			isa = XCSwiftPackageProductDependency;
			package = A3E3160B2F5A12D9005BF54C /* XCRemoteSwiftPackageReference "firebase-ios-sdk" */;
			productName = FirebaseCore;
		};
		E18C83E82F54339700E66577 /* PhoneNumberKit */ = {
			isa = XCSwiftPackageProductDependency;
			package = E18C83E72F54339700E66577 /* XCRemoteSwiftPackageReference "PhoneNumberKit" */;
			productName = PhoneNumberKit;
		};
		E18C83EC2F54339700E66577 /* PhoneNumberKit-Static */ = {
			isa = XCSwiftPackageProductDependency;
			package = E18C83E72F54339700E66577 /* XCRemoteSwiftPackageReference "PhoneNumberKit" */;
			productName = "PhoneNumberKit-Static";
		};
		E18C83EF2F5433AD00E66577 /* LinkKit */ = {
			isa = XCSwiftPackageProductDependency;
			package = E18C83EE2F5433AD00E66577 /* XCRemoteSwiftPackageReference "plaid-link-ios" */;
			productName = LinkKit;
		};
/* End XCSwiftPackageProductDependency section */
	};
	rootObject = E18C83642F54305800E66577 /* Project object */;
}
